
Microsoft Visual Studio Solution File, Format Version 12.00
# Visual Studio Version 17
VisualStudioVersion = 17.13.35931.197 d17.13
MinimumVisualStudioVersion = 10.0.40219.1
Project("{FAE04EC0-301F-11D3-BF4B-00C04F79EFBC}") = "AppCommander-WinLegacy", "AppCommander-WinLegacy\AppCommander-WinLegacy.csproj", "{882DEA3A-4C84-4216-95BE-3342918B669C}"
EndProject
Global
	GlobalSection(SolutionConfigurationPlatforms) = preSolution
		Debug|Any CPU = Debug|Any CPU
		Release|Any CPU = Release|Any CPU
	EndGlobalSection
	GlobalSection(ProjectConfigurationPlatforms) = postSolution
		{882DEA3A-4C84-4216-95BE-3342918B669C}.Debug|Any CPU.ActiveCfg = Debug|Any CPU
		{882DEA3A-4C84-4216-95BE-3342918B669C}.Debug|Any CPU.Build.0 = Debug|Any CPU
		{882DEA3A-4C84-4216-95BE-3342918B669C}.Release|Any CPU.ActiveCfg = Release|Any CPU
		{882DEA3A-4C84-4216-95BE-3342918B669C}.Release|Any CPU.Build.0 = Release|Any CPU
	EndGlobalSection
	GlobalSection(SolutionProperties) = preSolution
		HideSolutionNode = FALSE
	EndGlobalSection
	GlobalSection(ExtensibilityGlobals) = postSolution
		SolutionGuid = {91919ED6-5B51-47A7-B082-C2A5623CF70C}
	EndGlobalSection
EndGlobal
